// !$*UTF8*$!
{
	archiveVersion = 1;
	classes = {
	};
	objectVersion = 56;
	objects = {

/* Begin PBXBuildFile section */
		F600D32A2B1672A40096AA05 /* ReminderListStyle.swift in Sources */ = {isa = PBXBuildFile; fileRef = F600D3292B1672A40096AA05 /* ReminderListStyle.swift */; };
		F600D32C2B168B0E0096AA05 /* ProgressHeaderView.swift in Sources */ = {isa = PBXBuildFile; fileRef = F600D32B2B168B0E0096AA05 /* ProgressHeaderView.swift */; };
		F600D32E2B1B71420096AA05 /* CAGradientLayer+ListStyle.swift in Sources */ = {isa = PBXBuildFile; fileRef = F600D32D2B1B71420096AA05 /* CAGradientLayer+ListStyle.swift */; };
		F600D3302B1B7B4C0096AA05 /* TodayError.swift in Sources */ = {isa = PBXBuildFile; fileRef = F600D32F2B1B7B4C0096AA05 /* TodayError.swift */; };
		F600D3322B1B7C5E0096AA05 /* EKEventStore+AsyncFetch.swift in Sources */ = {isa = PBXBuildFile; fileRef = F600D3312B1B7C5E0096AA05 /* EKEventStore+AsyncFetch.swift */; };
		F600D3342B1B7FDF0096AA05 /* Reminder+EKReminder.swift in Sources */ = {isa = PBXBuildFile; fileRef = F600D3332B1B7FDF0096AA05 /* Reminder+EKReminder.swift */; };
		F600D3362B1B84FB0096AA05 /* ReminderStore.swift in Sources */ = {isa = PBXBuildFile; fileRef = F600D3352B1B84FB0096AA05 /* ReminderStore.swift */; };
		F61B40052B0CE9DC00D1C580 /* ReminderViewController+Section.swift in Sources */ = {isa = PBXBuildFile; fileRef = F61B40042B0CE9DC00D1C580 /* ReminderViewController+Section.swift */; };
		F61B40072B0E2E5A00D1C580 /* ReminderViewController+CellConfiguration.swift in Sources */ = {isa = PBXBuildFile; fileRef = F61B40062B0E2E5A00D1C580 /* ReminderViewController+CellConfiguration.swift */; };
		F61B400A2B0E335600D1C580 /* UIView+PinnedSubview.swift in Sources */ = {isa = PBXBuildFile; fileRef = F61B40092B0E335600D1C580 /* UIView+PinnedSubview.swift */; };
		F61B400C2B0E350B00D1C580 /* TextFieldContentView.swift in Sources */ = {isa = PBXBuildFile; fileRef = F61B400B2B0E350B00D1C580 /* TextFieldContentView.swift */; };
		F61B400E2B0E35DF00D1C580 /* UIContentConfiguration+Stateless.swift in Sources */ = {isa = PBXBuildFile; fileRef = F61B400D2B0E35DF00D1C580 /* UIContentConfiguration+Stateless.swift */; };
		F62B2A5C2B065D5500FC4020 /* ReminderViewController.swift in Sources */ = {isa = PBXBuildFile; fileRef = F62B2A5B2B065D5500FC4020 /* ReminderViewController.swift */; };
		F63375732B06231D00D1EB65 /* ReminderListViewController+DataSource.swift in Sources */ = {isa = PBXBuildFile; fileRef = F63375722B06231D00D1EB65 /* ReminderListViewController+DataSource.swift */; };
		F63375752B06356300D1EB65 /* ReminderDoneButton.swift in Sources */ = {isa = PBXBuildFile; fileRef = F63375742B06356300D1EB65 /* ReminderDoneButton.swift */; };
		F63375772B06365700D1EB65 /* ReminderListViewController+Actions.swift in Sources */ = {isa = PBXBuildFile; fileRef = F63375762B06365700D1EB65 /* ReminderListViewController+Actions.swift */; };
		F67074762B0A27FB002DE6D1 /* ReminderViewController+Row.swift in Sources */ = {isa = PBXBuildFile; fileRef = F67074752B0A27FB002DE6D1 /* ReminderViewController+Row.swift */; };
		F67698332B126969009BA770 /* TextViewContentView.swift in Sources */ = {isa = PBXBuildFile; fileRef = F67698322B126969009BA770 /* TextViewContentView.swift */; };
		F67698352B126A28009BA770 /* DatePickerContentView.swift in Sources */ = {isa = PBXBuildFile; fileRef = F67698342B126A28009BA770 /* DatePickerContentView.swift */; };
		F6A802AB2B02A781003EC2B5 /* AppDelegate.swift in Sources */ = {isa = PBXBuildFile; fileRef = F6A802AA2B02A781003EC2B5 /* AppDelegate.swift */; };
		F6A802AD2B02A781003EC2B5 /* SceneDelegate.swift in Sources */ = {isa = PBXBuildFile; fileRef = F6A802AC2B02A781003EC2B5 /* SceneDelegate.swift */; };
		F6A802AF2B02A781003EC2B5 /* ReminderListViewController.swift in Sources */ = {isa = PBXBuildFile; fileRef = F6A802AE2B02A781003EC2B5 /* ReminderListViewController.swift */; };
		F6A802B22B02A781003EC2B5 /* Main.storyboard in Resources */ = {isa = PBXBuildFile; fileRef = F6A802B02B02A781003EC2B5 /* Main.storyboard */; };
		F6A802B52B02A781003EC2B5 /* Daily.xcdatamodeld in Sources */ = {isa = PBXBuildFile; fileRef = F6A802B32B02A781003EC2B5 /* Daily.xcdatamodeld */; };
		F6A802B72B02A785003EC2B5 /* Assets.xcassets in Resources */ = {isa = PBXBuildFile; fileRef = F6A802B62B02A785003EC2B5 /* Assets.xcassets */; };
		F6A802BA2B02A785003EC2B5 /* LaunchScreen.storyboard in Resources */ = {isa = PBXBuildFile; fileRef = F6A802B82B02A785003EC2B5 /* LaunchScreen.storyboard */; };
		F6A802C32B02AD88003EC2B5 /* Reminder.swift in Sources */ = {isa = PBXBuildFile; fileRef = F6A802C22B02AD88003EC2B5 /* Reminder.swift */; };
		F6C997B02B063DF700F0F70B /* UIColor+Daily.swift in Sources */ = {isa = PBXBuildFile; fileRef = F6C997AF2B063DF700F0F70B /* UIColor+Daily.swift */; };
		F6EE526F2B02C185003C889A /* Date+Today.swift in Sources */ = {isa = PBXBuildFile; fileRef = F6EE526E2B02C185003C889A /* Date+Today.swift */; };
/* End PBXBuildFile section */

/* Begin PBXFileReference section */
		F600D3292B1672A40096AA05 /* ReminderListStyle.swift */ = {isa = PBXFileReference; lastKnownFileType = sourcecode.swift; path = ReminderListStyle.swift; sourceTree = "<group>"; };
		F600D32B2B168B0E0096AA05 /* ProgressHeaderView.swift */ = {isa = PBXFileReference; lastKnownFileType = sourcecode.swift; path = ProgressHeaderView.swift; sourceTree = "<group>"; };
		F600D32D2B1B71420096AA05 /* CAGradientLayer+ListStyle.swift */ = {isa = PBXFileReference; lastKnownFileType = sourcecode.swift; path = "CAGradientLayer+ListStyle.swift"; sourceTree = "<group>"; };
		F600D32F2B1B7B4C0096AA05 /* TodayError.swift */ = {isa = PBXFileReference; lastKnownFileType = sourcecode.swift; path = TodayError.swift; sourceTree = "<group>"; };
		F600D3312B1B7C5E0096AA05 /* EKEventStore+AsyncFetch.swift */ = {isa = PBXFileReference; lastKnownFileType = sourcecode.swift; path = "EKEventStore+AsyncFetch.swift"; sourceTree = "<group>"; };
		F600D3332B1B7FDF0096AA05 /* Reminder+EKReminder.swift */ = {isa = PBXFileReference; lastKnownFileType = sourcecode.swift; path = "Reminder+EKReminder.swift"; sourceTree = "<group>"; };
		F600D3352B1B84FB0096AA05 /* ReminderStore.swift */ = {isa = PBXFileReference; lastKnownFileType = sourcecode.swift; path = ReminderStore.swift; sourceTree = "<group>"; };
		F61B40042B0CE9DC00D1C580 /* ReminderViewController+Section.swift */ = {isa = PBXFileReference; lastKnownFileType = sourcecode.swift; path = "ReminderViewController+Section.swift"; sourceTree = "<group>"; };
		F61B40062B0E2E5A00D1C580 /* ReminderViewController+CellConfiguration.swift */ = {isa = PBXFileReference; lastKnownFileType = sourcecode.swift; path = "ReminderViewController+CellConfiguration.swift"; sourceTree = "<group>"; };
		F61B40092B0E335600D1C580 /* UIView+PinnedSubview.swift */ = {isa = PBXFileReference; lastKnownFileType = sourcecode.swift; path = "UIView+PinnedSubview.swift"; sourceTree = "<group>"; };
		F61B400B2B0E350B00D1C580 /* TextFieldContentView.swift */ = {isa = PBXFileReference; lastKnownFileType = sourcecode.swift; path = TextFieldContentView.swift; sourceTree = "<group>"; };
		F61B400D2B0E35DF00D1C580 /* UIContentConfiguration+Stateless.swift */ = {isa = PBXFileReference; lastKnownFileType = sourcecode.swift; path = "UIContentConfiguration+Stateless.swift"; sourceTree = "<group>"; };
		F62B2A5B2B065D5500FC4020 /* ReminderViewController.swift */ = {isa = PBXFileReference; lastKnownFileType = sourcecode.swift; path = ReminderViewController.swift; sourceTree = "<group>"; };
		F63375722B06231D00D1EB65 /* ReminderListViewController+DataSource.swift */ = {isa = PBXFileReference; lastKnownFileType = sourcecode.swift; path = "ReminderListViewController+DataSource.swift"; sourceTree = "<group>"; };
		F63375742B06356300D1EB65 /* ReminderDoneButton.swift */ = {isa = PBXFileReference; lastKnownFileType = sourcecode.swift; path = ReminderDoneButton.swift; sourceTree = "<group>"; };
		F63375762B06365700D1EB65 /* ReminderListViewController+Actions.swift */ = {isa = PBXFileReference; lastKnownFileType = sourcecode.swift; path = "ReminderListViewController+Actions.swift"; sourceTree = "<group>"; };
		F67074752B0A27FB002DE6D1 /* ReminderViewController+Row.swift */ = {isa = PBXFileReference; lastKnownFileType = sourcecode.swift; path = "ReminderViewController+Row.swift"; sourceTree = "<group>"; };
		F67698322B126969009BA770 /* TextViewContentView.swift */ = {isa = PBXFileReference; lastKnownFileType = sourcecode.swift; path = TextViewContentView.swift; sourceTree = "<group>"; };
		F67698342B126A28009BA770 /* DatePickerContentView.swift */ = {isa = PBXFileReference; lastKnownFileType = sourcecode.swift; path = DatePickerContentView.swift; sourceTree = "<group>"; };
		F6A802A72B02A781003EC2B5 /* Daily.app */ = {isa = PBXFileReference; explicitFileType = wrapper.application; includeInIndex = 0; path = Daily.app; sourceTree = BUILT_PRODUCTS_DIR; };
		F6A802AA2B02A781003EC2B5 /* AppDelegate.swift */ = {isa = PBXFileReference; lastKnownFileType = sourcecode.swift; path = AppDelegate.swift; sourceTree = "<group>"; };
		F6A802AC2B02A781003EC2B5 /* SceneDelegate.swift */ = {isa = PBXFileReference; lastKnownFileType = sourcecode.swift; path = SceneDelegate.swift; sourceTree = "<group>"; };
		F6A802AE2B02A781003EC2B5 /* ReminderListViewController.swift */ = {isa = PBXFileReference; lastKnownFileType = sourcecode.swift; path = ReminderListViewController.swift; sourceTree = "<group>"; };
		F6A802B12B02A781003EC2B5 /* Base */ = {isa = PBXFileReference; lastKnownFileType = file.storyboard; name = Base; path = Base.lproj/Main.storyboard; sourceTree = "<group>"; };
		F6A802B42B02A781003EC2B5 /* Daily.xcdatamodel */ = {isa = PBXFileReference; lastKnownFileType = wrapper.xcdatamodel; path = Daily.xcdatamodel; sourceTree = "<group>"; };
		F6A802B62B02A785003EC2B5 /* Assets.xcassets */ = {isa = PBXFileReference; lastKnownFileType = folder.assetcatalog; path = Assets.xcassets; sourceTree = "<group>"; };
		F6A802B92B02A785003EC2B5 /* Base */ = {isa = PBXFileReference; lastKnownFileType = file.storyboard; name = Base; path = Base.lproj/LaunchScreen.storyboard; sourceTree = "<group>"; };
		F6A802BB2B02A785003EC2B5 /* Info.plist */ = {isa = PBXFileReference; lastKnownFileType = text.plist.xml; path = Info.plist; sourceTree = "<group>"; };
		F6A802C22B02AD88003EC2B5 /* Reminder.swift */ = {isa = PBXFileReference; lastKnownFileType = sourcecode.swift; path = Reminder.swift; sourceTree = "<group>"; };
		F6C997AF2B063DF700F0F70B /* UIColor+Daily.swift */ = {isa = PBXFileReference; lastKnownFileType = sourcecode.swift; path = "UIColor+Daily.swift"; sourceTree = "<group>"; };
		F6EE526E2B02C185003C889A /* Date+Today.swift */ = {isa = PBXFileReference; lastKnownFileType = sourcecode.swift; path = "Date+Today.swift"; sourceTree = "<group>"; };
/* End PBXFileReference section */

/* Begin PBXFrameworksBuildPhase section */
		F6A802A42B02A781003EC2B5 /* Frameworks */ = {
			isa = PBXFrameworksBuildPhase;
			buildActionMask = 2147483647;
			files = (
			);
			runOnlyForDeploymentPostprocessing = 0;
		};
/* End PBXFrameworksBuildPhase section */

/* Begin PBXGroup section */
		F61B40082B0E327200D1C580 /* ContentViews */ = {
			isa = PBXGroup;
			children = (
				F61B40092B0E335600D1C580 /* UIView+PinnedSubview.swift */,
				F61B400B2B0E350B00D1C580 /* TextFieldContentView.swift */,
				F61B400D2B0E35DF00D1C580 /* UIContentConfiguration+Stateless.swift */,
				F67698322B126969009BA770 /* TextViewContentView.swift */,
				F67698342B126A28009BA770 /* DatePickerContentView.swift */,
			);
			path = ContentViews;
			sourceTree = "<group>";
		};
		F63375712B0622A000D1EB65 /* ListViewController */ = {
			isa = PBXGroup;
			children = (
				F63375742B06356300D1EB65 /* ReminderDoneButton.swift */,
				F63375722B06231D00D1EB65 /* ReminderListViewController+DataSource.swift */,
				F63375762B06365700D1EB65 /* ReminderListViewController+Actions.swift */,
				F600D32B2B168B0E0096AA05 /* ProgressHeaderView.swift */,
			);
			path = ListViewController;
			sourceTree = "<group>";
		};
		F67074742B0A2749002DE6D1 /* DetailViewController */ = {
			isa = PBXGroup;
			children = (
				F6A802AE2B02A781003EC2B5 /* ReminderListViewController.swift */,
				F67074752B0A27FB002DE6D1 /* ReminderViewController+Row.swift */,
				F61B40042B0CE9DC00D1C580 /* ReminderViewController+Section.swift */,
				F62B2A5B2B065D5500FC4020 /* ReminderViewController.swift */,
				F61B40062B0E2E5A00D1C580 /* ReminderViewController+CellConfiguration.swift */,
			);
			path = DetailViewController;
			sourceTree = "<group>";
		};
		F6A8029E2B02A781003EC2B5 = {
			isa = PBXGroup;
			children = (
				F6A802A92B02A781003EC2B5 /* Daily */,
				F6A802A82B02A781003EC2B5 /* Products */,
			);
			sourceTree = "<group>";
		};
		F6A802A82B02A781003EC2B5 /* Products */ = {
			isa = PBXGroup;
			children = (
				F6A802A72B02A781003EC2B5 /* Daily.app */,
			);
			name = Products;
			sourceTree = "<group>";
		};
		F6A802A92B02A781003EC2B5 /* Daily */ = {
			isa = PBXGroup;
			children = (
				F6A802C12B02AD5D003EC2B5 /* Models */,
				F6A802AA2B02A781003EC2B5 /* AppDelegate.swift */,
				F6A802AC2B02A781003EC2B5 /* SceneDelegate.swift */,
				F61B40082B0E327200D1C580 /* ContentViews */,
				F67074742B0A2749002DE6D1 /* DetailViewController */,
				F63375712B0622A000D1EB65 /* ListViewController */,
				F6A802B02B02A781003EC2B5 /* Main.storyboard */,
				F6A802B62B02A785003EC2B5 /* Assets.xcassets */,
				F6A802B82B02A785003EC2B5 /* LaunchScreen.storyboard */,
				F6A802BB2B02A785003EC2B5 /* Info.plist */,
				F6A802B32B02A781003EC2B5 /* Daily.xcdatamodeld */,
			);
			path = Daily;
			sourceTree = "<group>";
		};
		F6A802C12B02AD5D003EC2B5 /* Models */ = {
			isa = PBXGroup;
			children = (
				F600D3292B1672A40096AA05 /* ReminderListStyle.swift */,
				F6A802C22B02AD88003EC2B5 /* Reminder.swift */,
				F6EE526E2B02C185003C889A /* Date+Today.swift */,
				F6C997AF2B063DF700F0F70B /* UIColor+Daily.swift */,
				F600D32D2B1B71420096AA05 /* CAGradientLayer+ListStyle.swift */,
				F600D32F2B1B7B4C0096AA05 /* TodayError.swift */,
				F600D3352B1B84FB0096AA05 /* ReminderStore.swift */,
				F600D3312B1B7C5E0096AA05 /* EKEventStore+AsyncFetch.swift */,
				F600D3332B1B7FDF0096AA05 /* Reminder+EKReminder.swift */,
			);
			path = Models;
			sourceTree = "<group>";
		};
/* End PBXGroup section */

/* Begin PBXNativeTarget section */
		F6A802A62B02A781003EC2B5 /* Daily */ = {
			isa = PBXNativeTarget;
			buildConfigurationList = F6A802BE2B02A785003EC2B5 /* Build configuration list for PBXNativeTarget "Daily" */;
			buildPhases = (
				F6A802A32B02A781003EC2B5 /* Sources */,
				F6A802A42B02A781003EC2B5 /* Frameworks */,
				F6A802A52B02A781003EC2B5 /* Resources */,
			);
			buildRules = (
			);
			dependencies = (
			);
			name = Daily;
			productName = Daily;
			productReference = F6A802A72B02A781003EC2B5 /* Daily.app */;
			productType = "com.apple.product-type.application";
		};
/* End PBXNativeTarget section */

/* Begin PBXProject section */
		F6A8029F2B02A781003EC2B5 /* Project object */ = {
			isa = PBXProject;
			attributes = {
				BuildIndependentTargetsInParallel = 1;
				LastSwiftUpdateCheck = 1420;
				LastUpgradeCheck = 1420;
				TargetAttributes = {
					F6A802A62B02A781003EC2B5 = {
						CreatedOnToolsVersion = 14.2;
					};
				};
			};
			buildConfigurationList = F6A802A22B02A781003EC2B5 /* Build configuration list for PBXProject "Daily" */;
			compatibilityVersion = "Xcode 14.0";
			developmentRegion = en;
			hasScannedForEncodings = 0;
			knownRegions = (
				en,
				Base,
			);
			mainGroup = F6A8029E2B02A781003EC2B5;
			productRefGroup = F6A802A82B02A781003EC2B5 /* Products */;
			projectDirPath = "";
			projectRoot = "";
			targets = (
				F6A802A62B02A781003EC2B5 /* Daily */,
			);
		};
/* End PBXProject section */

/* Begin PBXResourcesBuildPhase section */
		F6A802A52B02A781003EC2B5 /* Resources */ = {
			isa = PBXResourcesBuildPhase;
			buildActionMask = 2147483647;
			files = (
				F6A802BA2B02A785003EC2B5 /* LaunchScreen.storyboard in Resources */,
				F6A802B72B02A785003EC2B5 /* Assets.xcassets in Resources */,
				F6A802B22B02A781003EC2B5 /* Main.storyboard in Resources */,
			);
			runOnlyForDeploymentPostprocessing = 0;
		};
/* End PBXResourcesBuildPhase section */

/* Begin PBXSourcesBuildPhase section */
		F6A802A32B02A781003EC2B5 /* Sources */ = {
			isa = PBXSourcesBuildPhase;
			buildActionMask = 2147483647;
			files = (
				F6A802AF2B02A781003EC2B5 /* ReminderListViewController.swift in Sources */,
				F600D32C2B168B0E0096AA05 /* ProgressHeaderView.swift in Sources */,
				F600D3302B1B7B4C0096AA05 /* TodayError.swift in Sources */,
				F63375772B06365700D1EB65 /* ReminderListViewController+Actions.swift in Sources */,
				F67074762B0A27FB002DE6D1 /* ReminderViewController+Row.swift in Sources */,
				F6A802B52B02A781003EC2B5 /* Daily.xcdatamodeld in Sources */,
				F61B400C2B0E350B00D1C580 /* TextFieldContentView.swift in Sources */,
				F600D3342B1B7FDF0096AA05 /* Reminder+EKReminder.swift in Sources */,
				F600D32A2B1672A40096AA05 /* ReminderListStyle.swift in Sources */,
				F61B40052B0CE9DC00D1C580 /* ReminderViewController+Section.swift in Sources */,
				F67698332B126969009BA770 /* TextViewContentView.swift in Sources */,
				F6A802AB2B02A781003EC2B5 /* AppDelegate.swift in Sources */,
				F63375752B06356300D1EB65 /* ReminderDoneButton.swift in Sources */,
				F61B40072B0E2E5A00D1C580 /* ReminderViewController+CellConfiguration.swift in Sources */,
				F6EE526F2B02C185003C889A /* Date+Today.swift in Sources */,
				F600D32E2B1B71420096AA05 /* CAGradientLayer+ListStyle.swift in Sources */,
				F61B400E2B0E35DF00D1C580 /* UIContentConfiguration+Stateless.swift in Sources */,
				F61B400A2B0E335600D1C580 /* UIView+PinnedSubview.swift in Sources */,
				F63375732B06231D00D1EB65 /* ReminderListViewController+DataSource.swift in Sources */,
				F600D3322B1B7C5E0096AA05 /* EKEventStore+AsyncFetch.swift in Sources */,
				F6C997B02B063DF700F0F70B /* UIColor+Daily.swift in Sources */,
				F62B2A5C2B065D5500FC4020 /* ReminderViewController.swift in Sources */,
				F6A802AD2B02A781003EC2B5 /* SceneDelegate.swift in Sources */,
				F600D3362B1B84FB0096AA05 /* ReminderStore.swift in Sources */,
				F67698352B126A28009BA770 /* DatePickerContentView.swift in Sources */,
				F6A802C32B02AD88003EC2B5 /* Reminder.swift in Sources */,
			);
			runOnlyForDeploymentPostprocessing = 0;
		};
/* End PBXSourcesBuildPhase section */

/* Begin PBXVariantGroup section */
		F6A802B02B02A781003EC2B5 /* Main.storyboard */ = {
			isa = PBXVariantGroup;
			children = (
				F6A802B12B02A781003EC2B5 /* Base */,
			);
			name = Main.storyboard;
			sourceTree = "<group>";
		};
		F6A802B82B02A785003EC2B5 /* LaunchScreen.storyboard */ = {
			isa = PBXVariantGroup;
			children = (
				F6A802B92B02A785003EC2B5 /* Base */,
			);
			name = LaunchScreen.storyboard;
			sourceTree = "<group>";
		};
/* End PBXVariantGroup section */

/* Begin XCBuildConfiguration section */
		F6A802BC2B02A785003EC2B5 /* Debug */ = {
			isa = XCBuildConfiguration;
			buildSettings = {
				ALWAYS_SEARCH_USER_PATHS = NO;
				CLANG_ANALYZER_NONNULL = YES;
				CLANG_ANALYZER_NUMBER_OBJECT_CONVERSION = YES_AGGRESSIVE;
				CLANG_CXX_LANGUAGE_STANDARD = "gnu++20";
				CLANG_ENABLE_MODULES = YES;
				CLANG_ENABLE_OBJC_ARC = YES;
				CLANG_ENABLE_OBJC_WEAK = YES;
				CLANG_WARN_BLOCK_CAPTURE_AUTORELEASING = YES;
				CLANG_WARN_BOOL_CONVERSION = YES;
				CLANG_WARN_COMMA = YES;
				CLANG_WARN_CONSTANT_CONVERSION = YES;
				CLANG_WARN_DEPRECATED_OBJC_IMPLEMENTATIONS = YES;
				CLANG_WARN_DIRECT_OBJC_ISA_USAGE = YES_ERROR;
				CLANG_WARN_DOCUMENTATION_COMMENTS = YES;
				CLANG_WARN_EMPTY_BODY = YES;
				CLANG_WARN_ENUM_CONVERSION = YES;
				CLANG_WARN_INFINITE_RECURSION = YES;
				CLANG_WARN_INT_CONVERSION = YES;
				CLANG_WARN_NON_LITERAL_NULL_CONVERSION = YES;
				CLANG_WARN_OBJC_IMPLICIT_RETAIN_SELF = YES;
				CLANG_WARN_OBJC_LITERAL_CONVERSION = YES;
				CLANG_WARN_OBJC_ROOT_CLASS = YES_ERROR;
				CLANG_WARN_QUOTED_INCLUDE_IN_FRAMEWORK_HEADER = YES;
				CLANG_WARN_RANGE_LOOP_ANALYSIS = YES;
				CLANG_WARN_STRICT_PROTOTYPES = YES;
				CLANG_WARN_SUSPICIOUS_MOVE = YES;
				CLANG_WARN_UNGUARDED_AVAILABILITY = YES_AGGRESSIVE;
				CLANG_WARN_UNREACHABLE_CODE = YES;
				CLANG_WARN__DUPLICATE_METHOD_MATCH = YES;
				COPY_PHASE_STRIP = NO;
				DEBUG_INFORMATION_FORMAT = dwarf;
				ENABLE_STRICT_OBJC_MSGSEND = YES;
				ENABLE_TESTABILITY = YES;
				GCC_C_LANGUAGE_STANDARD = gnu11;
				GCC_DYNAMIC_NO_PIC = NO;
				GCC_NO_COMMON_BLOCKS = YES;
				GCC_OPTIMIZATION_LEVEL = 0;
				GCC_PREPROCESSOR_DEFINITIONS = (
					"DEBUG=1",
					"$(inherited)",
				);
				GCC_WARN_64_TO_32_BIT_CONVERSION = YES;
				GCC_WARN_ABOUT_RETURN_TYPE = YES_ERROR;
				GCC_WARN_UNDECLARED_SELECTOR = YES;
				GCC_WARN_UNINITIALIZED_AUTOS = YES_AGGRESSIVE;
				GCC_WARN_UNUSED_FUNCTION = YES;
				GCC_WARN_UNUSED_VARIABLE = YES;
				IPHONEOS_DEPLOYMENT_TARGET = 16.2;
				MTL_ENABLE_DEBUG_INFO = INCLUDE_SOURCE;
				MTL_FAST_MATH = YES;
				ONLY_ACTIVE_ARCH = YES;
				SDKROOT = iphoneos;
				SWIFT_ACTIVE_COMPILATION_CONDITIONS = DEBUG;
				SWIFT_OPTIMIZATION_LEVEL = "-Onone";
			};
			name = Debug;
		};
		F6A802BD2B02A785003EC2B5 /* Release */ = {
			isa = XCBuildConfiguration;
			buildSettings = {
				ALWAYS_SEARCH_USER_PATHS = NO;
				CLANG_ANALYZER_NONNULL = YES;
				CLANG_ANALYZER_NUMBER_OBJECT_CONVERSION = YES_AGGRESSIVE;
				CLANG_CXX_LANGUAGE_STANDARD = "gnu++20";
				CLANG_ENABLE_MODULES = YES;
				CLANG_ENABLE_OBJC_ARC = YES;
				CLANG_ENABLE_OBJC_WEAK = YES;
				CLANG_WARN_BLOCK_CAPTURE_AUTORELEASING = YES;
				CLANG_WARN_BOOL_CONVERSION = YES;
				CLANG_WARN_COMMA = YES;
				CLANG_WARN_CONSTANT_CONVERSION = YES;
				CLANG_WARN_DEPRECATED_OBJC_IMPLEMENTATIONS = YES;
				CLANG_WARN_DIRECT_OBJC_ISA_USAGE = YES_ERROR;
				CLANG_WARN_DOCUMENTATION_COMMENTS = YES;
				CLANG_WARN_EMPTY_BODY = YES;
				CLANG_WARN_ENUM_CONVERSION = YES;
				CLANG_WARN_INFINITE_RECURSION = YES;
				CLANG_WARN_INT_CONVERSION = YES;
				CLANG_WARN_NON_LITERAL_NULL_CONVERSION = YES;
				CLANG_WARN_OBJC_IMPLICIT_RETAIN_SELF = YES;
				CLANG_WARN_OBJC_LITERAL_CONVERSION = YES;
				CLANG_WARN_OBJC_ROOT_CLASS = YES_ERROR;
				CLANG_WARN_QUOTED_INCLUDE_IN_FRAMEWORK_HEADER = YES;
				CLANG_WARN_RANGE_LOOP_ANALYSIS = YES;
				CLANG_WARN_STRICT_PROTOTYPES = YES;
				CLANG_WARN_SUSPICIOUS_MOVE = YES;
				CLANG_WARN_UNGUARDED_AVAILABILITY = YES_AGGRESSIVE;
				CLANG_WARN_UNREACHABLE_CODE = YES;
				CLANG_WARN__DUPLICATE_METHOD_MATCH = YES;
				COPY_PHASE_STRIP = NO;
				DEBUG_INFORMATION_FORMAT = "dwarf-with-dsym";
				ENABLE_NS_ASSERTIONS = NO;
				ENABLE_STRICT_OBJC_MSGSEND = YES;
				GCC_C_LANGUAGE_STANDARD = gnu11;
				GCC_NO_COMMON_BLOCKS = YES;
				GCC_WARN_64_TO_32_BIT_CONVERSION = YES;
				GCC_WARN_ABOUT_RETURN_TYPE = YES_ERROR;
				GCC_WARN_UNDECLARED_SELECTOR = YES;
				GCC_WARN_UNINITIALIZED_AUTOS = YES_AGGRESSIVE;
				GCC_WARN_UNUSED_FUNCTION = YES;
				GCC_WARN_UNUSED_VARIABLE = YES;
				IPHONEOS_DEPLOYMENT_TARGET = 16.2;
				MTL_ENABLE_DEBUG_INFO = NO;
				MTL_FAST_MATH = YES;
				SDKROOT = iphoneos;
				SWIFT_COMPILATION_MODE = wholemodule;
				SWIFT_OPTIMIZATION_LEVEL = "-O";
				VALIDATE_PRODUCT = YES;
			};
			name = Release;
		};
		F6A802BF2B02A785003EC2B5 /* Debug */ = {
			isa = XCBuildConfiguration;
			buildSettings = {
				ASSETCATALOG_COMPILER_APPICON_NAME = AppIcon;
				ASSETCATALOG_COMPILER_GLOBAL_ACCENT_COLOR_NAME = AccentColor;
				CODE_SIGN_STYLE = Automatic;
				CURRENT_PROJECT_VERSION = 1;
				DEVELOPMENT_TEAM = 7TWP4BD49D;
				GENERATE_INFOPLIST_FILE = YES;
				INFOPLIST_FILE = Daily/Info.plist;
				INFOPLIST_KEY_NSRemindersUsageDescription = "You reminders can help you stay on track.";
				INFOPLIST_KEY_UIApplicationSupportsIndirectInputEvents = YES;
				INFOPLIST_KEY_UILaunchStoryboardName = LaunchScreen;
				INFOPLIST_KEY_UIMainStoryboardFile = Main;
				INFOPLIST_KEY_UISupportedInterfaceOrientations_iPad = "UIInterfaceOrientationPortrait UIInterfaceOrientationPortraitUpsideDown UIInterfaceOrientationLandscapeLeft UIInterfaceOrientationLandscapeRight";
				INFOPLIST_KEY_UISupportedInterfaceOrientations_iPhone = "UIInterfaceOrientationPortrait UIInterfaceOrientationLandscapeLeft UIInterfaceOrientationLandscapeRight";
				LD_RUNPATH_SEARCH_PATHS = (
					"$(inherited)",
					"@executable_path/Frameworks",
				);
				MARKETING_VERSION = 1.0;
				PRODUCT_BUNDLE_IDENTIFIER = com.kubracennetyavasoglu.Daily;
				PRODUCT_NAME = "$(TARGET_NAME)";
				SWIFT_EMIT_LOC_STRINGS = YES;
				SWIFT_VERSION = 5.0;
				TARGETED_DEVICE_FAMILY = "1,2";
			};
			name = Debug;
		};
		F6A802C02B02A785003EC2B5 /* Release */ = {
			isa = XCBuildConfiguration;
			buildSettings = {
				ASSETCATALOG_COMPILER_APPICON_NAME = AppIcon;
				ASSETCATALOG_COMPILER_GLOBAL_ACCENT_COLOR_NAME = AccentColor;
				CODE_SIGN_STYLE = Automatic;
				CURRENT_PROJECT_VERSION = 1;
				DEVELOPMENT_TEAM = 7TWP4BD49D;
				GENERATE_INFOPLIST_FILE = YES;
				INFOPLIST_FILE = Daily/Info.plist;
				INFOPLIST_KEY_NSRemindersUsageDescription = "You reminders can help you stay on track.";
				INFOPLIST_KEY_UIApplicationSupportsIndirectInputEvents = YES;
				INFOPLIST_KEY_UILaunchStoryboardName = LaunchScreen;
				INFOPLIST_KEY_UIMainStoryboardFile = Main;
				INFOPLIST_KEY_UISupportedInterfaceOrientations_iPad = "UIInterfaceOrientationPortrait UIInterfaceOrientationPortraitUpsideDown UIInterfaceOrientationLandscapeLeft UIInterfaceOrientationLandscapeRight";
				INFOPLIST_KEY_UISupportedInterfaceOrientations_iPhone = "UIInterfaceOrientationPortrait UIInterfaceOrientationLandscapeLeft UIInterfaceOrientationLandscapeRight";
				LD_RUNPATH_SEARCH_PATHS = (
					"$(inherited)",
					"@executable_path/Frameworks",
				);
				MARKETING_VERSION = 1.0;
				PRODUCT_BUNDLE_IDENTIFIER = com.kubracennetyavasoglu.Daily;
				PRODUCT_NAME = "$(TARGET_NAME)";
				SWIFT_EMIT_LOC_STRINGS = YES;
				SWIFT_VERSION = 5.0;
				TARGETED_DEVICE_FAMILY = "1,2";
			};
			name = Release;
		};
/* End XCBuildConfiguration section */

/* Begin XCConfigurationList section */
		F6A802A22B02A781003EC2B5 /* Build configuration list for PBXProject "Daily" */ = {
			isa = XCConfigurationList;
			buildConfigurations = (
				F6A802BC2B02A785003EC2B5 /* Debug */,
				F6A802BD2B02A785003EC2B5 /* Release */,
			);
			defaultConfigurationIsVisible = 0;
			defaultConfigurationName = Release;
		};
		F6A802BE2B02A785003EC2B5 /* Build configuration list for PBXNativeTarget "Daily" */ = {
			isa = XCConfigurationList;
			buildConfigurations = (
				F6A802BF2B02A785003EC2B5 /* Debug */,
				F6A802C02B02A785003EC2B5 /* Release */,
			);
			defaultConfigurationIsVisible = 0;
			defaultConfigurationName = Release;
		};
/* End XCConfigurationList section */

/* Begin XCVersionGroup section */
		F6A802B32B02A781003EC2B5 /* Daily.xcdatamodeld */ = {
			isa = XCVersionGroup;
			children = (
				F6A802B42B02A781003EC2B5 /* Daily.xcdatamodel */,
			);
			currentVersion = F6A802B42B02A781003EC2B5 /* Daily.xcdatamodel */;
			path = Daily.xcdatamodeld;
			sourceTree = "<group>";
			versionGroupType = wrapper.xcdatamodel;
		};
/* End XCVersionGroup section */
	};
	rootObject = F6A8029F2B02A781003EC2B5 /* Project object */;
}
